# THIS IS AN AUTOGENERATED FILE. DO NOT EDIT THIS FILE DIRECTLY.
# yarn lockfile v1


accepts@1.3.3:
  version "1.3.3"
  resolved "https://registry.yarnpkg.com/accepts/-/accepts-1.3.3.tgz#c3ca7434938648c3e0d9c1e328dd68b622c284ca"
  integrity sha1-w8p0NJOGSMPg2cHjKN1otiLChMo=
  dependencies:
    mime-types "~2.1.11"
    negotiator "0.6.1"

after@0.8.2:
  version "0.8.2"
  resolved "https://registry.yarnpkg.com/after/-/after-0.8.2.tgz#fedb394f9f0e02aa9768e702bda23b505fae7e1f"
  integrity sha1-/ts5T58OAqqXaOcCvaI7UF+ufh8=

arraybuffer.slice@0.0.6:
  version "0.0.6"
  resolved "https://registry.yarnpkg.com/arraybuffer.slice/-/arraybuffer.slice-0.0.6.tgz#f33b2159f0532a3f3107a272c0ccfbd1ad2979ca"
  integrity sha1-8zshWfBTKj8xB6JywMz70a0peco=

async@0.1.15:
  version "0.1.15"
  resolved "https://registry.yarnpkg.com/async/-/async-0.1.15.tgz#2180eaca2cf2a6ca5280d41c0585bec9b3e49bd3"
  integrity sha1-IYDqyizypspSgNQcBYW+ybPkm9M=

async@0.1.x:
  version "0.1.22"
  resolved "https://registry.yarnpkg.com/async/-/async-0.1.22.tgz#0fc1aaa088a0e3ef0ebe2d8831bab0dcf8845061"
  integrity sha1-D8GqoIig4+8Ovi2IMbqw3PiEUGE=

async@0.2.5:
  version "0.2.5"
  resolved "https://registry.yarnpkg.com/async/-/async-0.2.5.tgz#45f05da480749ba4c1dcd8cd3a3747ae7b36fe52"
  integrity sha1-RfBdpIB0m6TB3NjNOjdHrns2/lI=

async@^1.3.0:
  version "1.5.2"
  resolved "https://registry.yarnpkg.com/async/-/async-1.5.2.tgz#ec6a61ae56480c0c3cb241c95618e20892f9672a"
  integrity sha1-7GphrlZIDAw8skHJVhjiCJL5Zyo=

async@~0.2.0:
  version "0.2.10"
  resolved "https://registry.yarnpkg.com/async/-/async-0.2.10.tgz#b6bbe0b0674b9d719708ca38de8c237cb526c3d1"
  integrity sha1-trvgsGdLnXGXCMo43owjfLUmw9E=

backo2@1.0.2:
  version "1.0.2"
  resolved "https://registry.yarnpkg.com/backo2/-/backo2-1.0.2.tgz#31ab1ac8b129363463e35b3ebb69f4dfcfba7947"
  integrity sha1-MasayLEpNjRj41s+u2n038+6eUc=

base64-arraybuffer@0.1.5:
  version "0.1.5"
  resolved "https://registry.yarnpkg.com/base64-arraybuffer/-/base64-arraybuffer-0.1.5.tgz#73926771923b5a19747ad666aa5cd4bf9c6e9ce8"
  integrity sha1-c5JncZI7Whl0etZmqlzUv5xunOg=

base64-js@0.0.2:
  version "0.0.2"
  resolved "https://registry.yarnpkg.com/base64-js/-/base64-js-0.0.2.tgz#024f0f72afa25b75f9c0ee73cd4f55ec1bed9784"
  integrity sha1-Ak8Pcq+iW3X5wO5zzU9V7Bvtl4Q=

base64id@1.0.0:
  version "1.0.0"
  resolved "https://registry.yarnpkg.com/base64id/-/base64id-1.0.0.tgz#47688cb99bb6804f0e06d3e763b1c32e57d8e6b6"
  integrity sha1-R2iMuZu2gE8OBtPnY7HDLlfY5rY=

bearcat-buffer@0.1.x:
  version "0.1.1"
  resolved "https://registry.yarnpkg.com/bearcat-buffer/-/bearcat-buffer-0.1.1.tgz#2bb9c9fca618d074501e737c7f2718f628ce7126"
  integrity sha1-K7nJ/KYY0HRQHnN8fycY9ijOcSY=

better-assert@~1.0.0:
  version "1.0.2"
  resolved "https://registry.yarnpkg.com/better-assert/-/better-assert-1.0.2.tgz#40866b9e1b9e0b55b481894311e68faffaebc522"
  integrity sha1-QIZrnhueC1W0gYlDEeaPr/rrxSI=
  dependencies:
    callsite "1.0.0"

bl@^1.2.1:
  version "1.2.3"
  resolved "https://registry.yarnpkg.com/bl/-/bl-1.2.3.tgz#1e8dd80142eac80d7158c9dccc047fb620e035e7"
  integrity sha512-pvcNpa0UU69UT341rO6AYy4FVAIkUHuZXRIWbq+zHnsVcRzDDjIAhGuuYoi0d//cwIwtt4pkpKycWEfjdV+vww==
  dependencies:
    readable-stream "^2.3.5"
    safe-buffer "^5.1.1"

blob@0.0.4:
  version "0.0.4"
  resolved "https://registry.yarnpkg.com/blob/-/blob-0.0.4.tgz#bcf13052ca54463f30f9fc7e95b9a47630a94921"
  integrity sha1-vPEwUspURj8w+fx+lbmkdjCpSSE=

bops@~0.1.1:
  version "0.1.1"
  resolved "https://registry.yarnpkg.com/bops/-/bops-0.1.1.tgz#062e02a8daa801fa10f2e5dbe6740cff801fe17e"
  integrity sha1-Bi4CqNqoAfoQ8uXb5nQM/4Af4X4=
  dependencies:
    base64-js "0.0.2"
    to-utf8 "0.0.1"

callsite@1.0.0:
  version "1.0.0"
  resolved "https://registry.yarnpkg.com/callsite/-/callsite-1.0.0.tgz#280398e5d664bd74038b6f0905153e6e8af1bc20"
  integrity sha1-KAOY5dZkvXQDi28JBRU+borxvCA=

cliff@0.1.8:
  version "0.1.8"
  resolved "https://registry.yarnpkg.com/cliff/-/cliff-0.1.8.tgz#43ca8ad9fe3943489693ab62dce0cae22509d272"
  integrity sha1-Q8qK2f45Q0iWk6ti3ODK4iUJ0nI=
  dependencies:
    colors "0.x.x"
    eyes "0.1.x"
    winston "0.6.x"

colors@0.x.x:
  version "0.6.2"
  resolved "https://registry.yarnpkg.com/colors/-/colors-0.6.2.tgz#2423fe6678ac0c5dae8852e5d0e5be08c997abcc"
  integrity sha1-JCP+ZnisDF2uiFLl0OW+CMmXq8w=

commander@2.0.0:
  version "2.0.0"
  resolved "https://registry.yarnpkg.com/commander/-/commander-2.0.0.tgz#d1b86f901f8b64bd941bdeadaf924530393be928"
  integrity sha1-0bhvkB+LZL2UG96tr5JFMDk76Sg=

component-bind@1.0.0:
  version "1.0.0"
  resolved "https://registry.yarnpkg.com/component-bind/-/component-bind-1.0.0.tgz#00c608ab7dcd93897c0009651b1d3a8e1e73bbd1"
  integrity sha1-AMYIq33Nk4l8AAllGx06jh5zu9E=

component-emitter@1.1.2:
  version "1.1.2"
  resolved "https://registry.yarnpkg.com/component-emitter/-/component-emitter-1.1.2.tgz#296594f2753daa63996d2af08d15a95116c9aec3"
  integrity sha1-KWWU8nU9qmOZbSrwjRWpURbJrsM=

component-emitter@1.2.1:
  version "1.2.1"
  resolved "https://registry.yarnpkg.com/component-emitter/-/component-emitter-1.2.1.tgz#137918d6d78283f7df7a6b7c5a63e140e69425e6"
  integrity sha1-E3kY1teCg/ffemt8WmPhQOaUJeY=

component-inherit@0.0.3:
  version "0.0.3"
  resolved "https://registry.yarnpkg.com/component-inherit/-/component-inherit-0.0.3.tgz#645fc4adf58b72b649d5cae65135619db26ff143"
  integrity sha1-ZF/ErfWLcrZJ1crmUTVhnbJv8UM=

cookie@0.3.1:
  version "0.3.1"
  resolved "https://registry.yarnpkg.com/cookie/-/cookie-0.3.1.tgz#e7e0a1f9ef43b4c8ba925c5c5a96e806d16873bb"
  integrity sha1-5+Ch+e9DtMi6klxcWpboBtFoc7s=

core-util-is@~1.0.0:
  version "1.0.3"
  resolved "https://registry.yarnpkg.com/core-util-is/-/core-util-is-1.0.3.tgz#a6042d3634c2b27e9328f837b965fac83808db85"
  integrity sha512-ZQBvi1DcpJ4GDqanjucZ2Hj3wEO5pZDS89BWbkcrvdxksJorwUDDZamX9ldFkp9aw2lmBDLgkObEA4DWNJ9FYQ==

crc@0.2.0:
  version "0.2.0"
  resolved "https://registry.yarnpkg.com/crc/-/crc-0.2.0.tgz#f4486b9bf0a12df83c3fca14e31e030fdabd9454"
  integrity sha1-9Ehrm/ChLfg8P8oU4x4DD9q9lFQ=

cycle@1.0.x:
  version "1.0.3"
  resolved "https://registry.yarnpkg.com/cycle/-/cycle-1.0.3.tgz#21e80b2be8580f98b468f379430662b046c34ad2"
  integrity sha1-IegLK+hYD5i0aPN5QwZisEbDStI=

date-format@^4.0.6:
  version "4.0.6"
  resolved "https://registry.yarnpkg.com/date-format/-/date-format-4.0.6.tgz#f6138b8f17968df9815b3d101fc06b0523f066c5"
  integrity sha512-B9vvg5rHuQ8cbUXE/RMWMyX2YA5TecT3jKF5fLtGNlzPlU7zblSPmAm2OImDbWL+LDOQ6pUm+4LOFz+ywS41Zw==

debug@2.2.0:
  version "2.2.0"
  resolved "https://registry.yarnpkg.com/debug/-/debug-2.2.0.tgz#f87057e995b1a1f6ae6a4960664137bc56f039da"
  integrity sha1-+HBX6ZWxofauaklgZkE3vFbwOdo=
  dependencies:
    ms "0.7.1"

debug@2.3.3:
  version "2.3.3"
  resolved "https://registry.yarnpkg.com/debug/-/debug-2.3.3.tgz#40c453e67e6e13c901ddec317af8986cda9eff8c"
  integrity sha1-QMRT5n5uE8kB3ewxeviYbNqe/4w=
  dependencies:
    ms "0.7.2"

debug@^4.3.4:
  version "4.3.4"
  resolved "https://registry.yarnpkg.com/debug/-/debug-4.3.4.tgz#1319f6579357f2338d3337d2cdd4914bb5dcc865"
  integrity sha512-PRWFHuSU3eDtQJPvnNY7Jcket1j0t5OuOsFzPPzsekD52Zl8qUfFIPEiswXqIvHWGVHOgX+7G/vCNNhehwxfkQ==
  dependencies:
    ms "2.1.2"

dequeue@1.0.3:
  version "1.0.3"
  resolved "https://registry.yarnpkg.com/dequeue/-/dequeue-1.0.3.tgz#30b8f4da2fc240951a15d31b35283e29b2de8978"
  integrity sha1-MLj02i/CQJUaFdMbNSg+KbLeiXg=

duplexify@^3.4.5, duplexify@^3.5.1:
  version "3.7.1"
  resolved "https://registry.yarnpkg.com/duplexify/-/duplexify-3.7.1.tgz#2a4df5317f6ccfd91f86d6fd25d8d8a103b88309"
  integrity sha512-07z8uv2wMyS51kKhD1KsdXJg5WQ6t93RneqRxUHnskXVtlYYkLqM0gqStQZ3pj073g687jPCHrqNfCzawLYh5g==
  dependencies:
    end-of-stream "^1.0.0"
    inherits "^2.0.1"
    readable-stream "^2.0.0"
    stream-shift "^1.0.0"

end-of-stream@^1.0.0:
  version "1.4.4"
  resolved "https://registry.yarnpkg.com/end-of-stream/-/end-of-stream-1.4.4.tgz#5ae64a5f45057baf3626ec14da0ca5e4b2431eb0"
  integrity sha512-+uw1inIHVPQoaVuHzRyXd21icM+cnt4CzD5rW+NC1wjOUSTOs+Te7FOv7AhN7vS9x/oIyhLP5PR1H+phQAHu5Q==
  dependencies:
    once "^1.4.0"

engine.io-client@1.8.2:
  version "1.8.2"
  resolved "https://registry.yarnpkg.com/engine.io-client/-/engine.io-client-1.8.2.tgz#c38767547f2a7d184f5752f6f0ad501006703766"
  integrity sha1-w4dnVH8qfRhPV1L28K1QEAZwN2Y=
  dependencies:
    component-emitter "1.2.1"
    component-inherit "0.0.3"
    debug "2.3.3"
    engine.io-parser "1.3.2"
    has-cors "1.1.0"
    indexof "0.0.1"
    parsejson "0.0.3"
    parseqs "0.0.5"
    parseuri "0.0.5"
    ws "1.1.1"
    xmlhttprequest-ssl "1.5.3"
    yeast "0.1.2"

engine.io-parser@1.3.2:
  version "1.3.2"
  resolved "https://registry.yarnpkg.com/engine.io-parser/-/engine.io-parser-1.3.2.tgz#937b079f0007d0893ec56d46cb220b8cb435220a"
  integrity sha1-k3sHnwAH0Ik+xW1GyyILjLQ1Igo=
  dependencies:
    after "0.8.2"
    arraybuffer.slice "0.0.6"
    base64-arraybuffer "0.1.5"
    blob "0.0.4"
    has-binary "0.1.7"
    wtf-8 "1.0.0"

engine.io@1.8.2:
  version "1.8.2"
  resolved "https://registry.yarnpkg.com/engine.io/-/engine.io-1.8.2.tgz#6b59be730b348c0125b0a4589de1c355abcf7a7e"
  integrity sha1-a1m+cws0jAElsKRYneHDVavPen4=
  dependencies:
    accepts "1.3.3"
    base64id "1.0.0"
    cookie "0.3.1"
    debug "2.3.3"
    engine.io-parser "1.3.2"
    ws "1.1.1"

eyes@0.1.x:
  version "0.1.8"
  resolved "https://registry.yarnpkg.com/eyes/-/eyes-0.1.8.tgz#62cf120234c683785d902348a800ef3e0cc20bc0"
  integrity sha1-Ys8SAjTGg3hdkCNIqADvPgzCC8A=

flatted@^3.2.5:
  version "3.2.5"
  resolved "https://registry.yarnpkg.com/flatted/-/flatted-3.2.5.tgz#76c8584f4fc843db64702a6bd04ab7a8bd666da3"
  integrity sha512-WIWGi2L3DyTUvUrwRKgGi9TwxQMUEqPOPQBVi71R96jZXJdFskXEmf54BoZaS1kknGODoIGASGEzBUYdyMCBJg==

fs-extra@^10.0.1:
  version "10.0.1"
  resolved "https://registry.yarnpkg.com/fs-extra/-/fs-extra-10.0.1.tgz#27de43b4320e833f6867cc044bfce29fdf0ef3b8"
  integrity sha512-NbdoVMZso2Lsrn/QwLXOy6rm0ufY2zEOKCDzJR/0kBsb0E6qed0P3iYK+Ath3BfvXEeu4JhEtXLgILx5psUfag==
  dependencies:
    graceful-fs "^4.2.0"
    jsonfile "^6.0.1"
    universalify "^2.0.0"

graceful-fs@^4.1.6, graceful-fs@^4.2.0:
  version "4.2.10"
  resolved "https://registry.yarnpkg.com/graceful-fs/-/graceful-fs-4.2.10.tgz#147d3a006da4ca3ce14728c7aefc287c367d7a6c"
  integrity sha512-9ByhssR2fPVsNZj478qUUbKfmL0+t5BDVyjShtyZZLiK7ZDAArFFfopyOTj0M05wE2tJPisA4iTnnXl2YoPvOA==

has-binary@0.1.7:
  version "0.1.7"
  resolved "https://registry.yarnpkg.com/has-binary/-/has-binary-0.1.7.tgz#68e61eb16210c9545a0a5cce06a873912fe1e68c"
  integrity sha1-aOYesWIQyVRaClzOBqhzkS/h5ow=
  dependencies:
    isarray "0.0.1"

has-cors@1.1.0:
  version "1.1.0"
  resolved "https://registry.yarnpkg.com/has-cors/-/has-cors-1.1.0.tgz#5e474793f7ea9843d1bb99c23eef49ff126fff39"
  integrity sha1-XkdHk/fqmEPRu5nCPu9J/xJv/zk=

hoyle@^0.2.2:
  version "0.2.2"
  resolved "https://registry.yarnpkg.com/hoyle/-/hoyle-0.2.2.tgz#8676a8d037c02225cfe8a22495044bc5490a739c"
  integrity sha1-hnao0DfAIiXP6KIklQRLxUkKc5w=

indexof@0.0.1:
  version "0.0.1"
  resolved "https://registry.yarnpkg.com/indexof/-/indexof-0.0.1.tgz#82dc336d232b9062179d05ab3293a66059fd435d"
  integrity sha1-gtwzbSMrkGIXnQWrMpOmYFn9Q10=

inherits@^2.0.1, inherits@^2.0.3, inherits@~2.0.1, inherits@~2.0.3:
  version "2.0.4"
  resolved "https://registry.yarnpkg.com/inherits/-/inherits-2.0.4.tgz#0fa2c64f932917c3433a0ded55363aae37416b7c"
  integrity sha512-k/vGaX4/Yla3WzyMCvTQOXYeIHvqOKtnqBduzTHpzpQZzAskKMhZ2K+EnBiSM9zGSoIFeMpXKxa4dYeZIQqewQ==

isarray@0.0.1:
  version "0.0.1"
  resolved "https://registry.yarnpkg.com/isarray/-/isarray-0.0.1.tgz#8a18acfca9a8f4177e09abfc6038939b05d1eedf"
  integrity sha1-ihis/Kmo9Bd+Cav8YDiTmwXR7t8=

isarray@~1.0.0:
  version "1.0.0"
  resolved "https://registry.yarnpkg.com/isarray/-/isarray-1.0.0.tgz#bb935d48582cba168c06834957a54a3e07124f11"
  integrity sha1-u5NdSFgsuhaMBoNJV6VKPgcSTxE=

json3@3.3.2:
  version "3.3.2"
  resolved "https://registry.yarnpkg.com/json3/-/json3-3.3.2.tgz#3c0434743df93e2f5c42aee7b19bcb483575f4e1"
  integrity sha1-PAQ0dD35Pi9cQq7nsZvLSDV19OE=

jsonfile@^6.0.1:
  version "6.1.0"
  resolved "https://registry.yarnpkg.com/jsonfile/-/jsonfile-6.1.0.tgz#bc55b2634793c679ec6403094eb13698a6ec0aae"
  integrity sha512-5dgndWOriYSm5cnYaJNhalLNDKOqFwyDB/rr1E9ZsGciGvKPs8R2xYGCacuf3z6K1YKDz182fd+fY3cn3pMqXQ==
  dependencies:
    universalify "^2.0.0"
  optionalDependencies:
    graceful-fs "^4.1.6"

log4js@0.6.21:
  version "0.6.21"
  resolved "https://registry.yarnpkg.com/log4js/-/log4js-0.6.21.tgz#674ed09ef0ffe913c2a35074f697bd047bb53b5f"
  integrity sha1-Z07QnvD/6RPCo1B09pe9BHu1O18=
  dependencies:
    async "~0.2.0"
    readable-stream "~1.0.2"
    semver "~1.1.4"

log4js@0.6.7:
  version "0.6.7"
  resolved "https://registry.yarnpkg.com/log4js/-/log4js-0.6.7.tgz#9a9eaa28ee056071c7a628e629dde2e57362bb6f"
  integrity sha1-mp6qKO4FYHHHpijmKd3i5XNiu28=
  dependencies:
    async "0.1.15"
    dequeue "1.0.3"
    readable-stream "~1.0.2"
    semver "~1.1.4"

log4js@>=0.4.1:
  version "6.4.4"
  resolved "https://registry.yarnpkg.com/log4js/-/log4js-6.4.4.tgz#c9bc75569f3f40bba22fe1bd0677afa7a6a13bac"
  integrity sha512-ncaWPsuw9Vl1CKA406hVnJLGQKy1OHx6buk8J4rE2lVW+NW5Y82G5/DIloO7NkqLOUtNPEANaWC1kZYVjXssPw==
  dependencies:
    date-format "^4.0.6"
    debug "^4.3.4"
    flatted "^3.2.5"
    rfdc "^1.3.0"
    streamroller "^3.0.6"

mime-db@1.52.0:
  version "1.52.0"
  resolved "https://registry.yarnpkg.com/mime-db/-/mime-db-1.52.0.tgz#bbabcdc02859f4987301c856e3387ce5ec43bf70"
  integrity sha512-sPU4uV7dYlvtWJxwwxHD0PuihVNiE7TyAbQ5SWxDCB9mUYvOgroQOwYQQOKPJ8CIbE+1ETVlOoK1UC2nU3gYvg==

mime-types@~2.1.11:
  version "2.1.35"
  resolved "https://registry.yarnpkg.com/mime-types/-/mime-types-2.1.35.tgz#381a871b62a734450660ae3deee44813f70d959a"
  integrity sha512-ZDY+bPm5zTTF+YpCrAU9nK0UgICYPT0QtT1NZWFv4s++TNkcgVaT0g6+4R2uI4MjQjzysHB1zxuWL50hzaeXiw==
  dependencies:
    mime-db "1.52.0"

mkdirp@0.3.3:
  version "0.3.3"
  resolved "https://registry.yarnpkg.com/mkdirp/-/mkdirp-0.3.3.tgz#595e251c1370c3a68bab2136d0e348b8105adf13"
  integrity sha1-WV4lHBNww6aLqyE20ONIuBBa3xM=

mqtt-connection@3.0.0:
  version "3.0.0"
  resolved "https://registry.yarnpkg.com/mqtt-connection/-/mqtt-connection-3.0.0.tgz#3eac1cae9d4a36e5abcc24458ab5aba5e69ef949"
  integrity sha1-Pqwcrp1KNuWrzCRFirWrpeae+Uk=
  dependencies:
    duplexify "^3.4.5"
    inherits "^2.0.1"
    mqtt-packet "^5.1.0"
    through2 "^2.0.1"

mqtt-connection@3.2.0:
  version "3.2.0"
  resolved "https://registry.yarnpkg.com/mqtt-connection/-/mqtt-connection-3.2.0.tgz#2104d875ea917c46d25e89922c6694072910f408"
  integrity sha512-br1n12OegkGfkseOHYby2LggkQy9qtgVKo8kg64acd89/Pc+vzcEA2PzmLd/kNo5K08YuJTVo2GYmymhY8NDIw==
  dependencies:
    duplexify "^3.5.1"
    inherits "^2.0.3"
    mqtt-packet "^5.4.0"
    safe-buffer "^5.1.1"
    through2 "^2.0.1"

mqtt-packet@^5.1.0, mqtt-packet@^5.4.0:
  version "5.6.1"
  resolved "https://registry.yarnpkg.com/mqtt-packet/-/mqtt-packet-5.6.1.tgz#8ecafce091f5af460664268a22b22091c8915f7b"
  integrity sha512-eaF9rO2uFrIYEHomJxziuKTDkbWW5psLBaIGCazQSKqYsTaB3n4SpvJ1PexKaDBiPnMLPIFWBIiTYT3IfEJfww==
  dependencies:
    bl "^1.2.1"
    inherits "^2.0.3"
    process-nextick-args "^2.0.0"
    safe-buffer "^5.1.0"

mqtt@0.3.9:
  version "0.3.9"
  resolved "https://registry.yarnpkg.com/mqtt/-/mqtt-0.3.9.tgz#58d5eba096c723724cc4b50c9af2ef855e1a9953"
  integrity sha1-WNXroJbHI3JMxLUMmvLvhV4amVM=
  dependencies:
    bops "~0.1.1"
    readable-stream "~1.0.2"

ms@0.7.1:
  version "0.7.1"
  resolved "https://registry.yarnpkg.com/ms/-/ms-0.7.1.tgz#9cd13c03adbff25b65effde7ce864ee952017098"
  integrity sha1-nNE8A62/8ltl7/3nzoZO6VIBcJg=

ms@0.7.2:
  version "0.7.2"
  resolved "https://registry.yarnpkg.com/ms/-/ms-0.7.2.tgz#ae25cf2512b3885a1d95d7f037868d8431124765"
  integrity sha1-riXPJRKziFodldfwN4aNhDESR2U=

ms@2.1.2:
  version "2.1.2"
  resolved "https://registry.yarnpkg.com/ms/-/ms-2.1.2.tgz#d09d1f357b443f493382a8eb3ccd183872ae6009"
  integrity sha512-sGkPx+VjMtmA6MX27oA4FBFELFCZZ4S4XqeGOXCv68tT+jb3vk/RyaKWP0PTKyWtmLSM0b+adUTEvbs1PEaH2w==

negotiator@0.6.1:
  version "0.6.1"
  resolved "https://registry.yarnpkg.com/negotiator/-/negotiator-0.6.1.tgz#2b327184e8992101177b28563fb5e7102acd0ca9"
  integrity sha1-KzJxhOiZIQEXeyhWP7XnECrNDKk=

node-bignumber@1.2.1:
  version "1.2.1"
  resolved "https://registry.yarnpkg.com/node-bignumber/-/node-bignumber-1.2.1.tgz#266c9553352838539f661c92e58631be97917ea5"
  integrity sha1-JmyVUzUoOFOfZhyS5YYxvpeRfqU=

node-uuid@1.4.0:
  version "1.4.0"
  resolved "https://registry.yarnpkg.com/node-uuid/-/node-uuid-1.4.0.tgz#07f9b2337572ff6275c775e1d48513f3a45d7a65"
  integrity sha1-B/myM3Vy/2J1x3Xh1IUT86RdemU=

node-uuid@^1.4.1:
  version "1.4.8"
  resolved "https://registry.yarnpkg.com/node-uuid/-/node-uuid-1.4.8.tgz#b040eb0923968afabf8d32fb1f17f1167fdab907"
  integrity sha1-sEDrCSOWivq/jTL7HxfxFn/auQc=

object-assign@4.1.0:
  version "4.1.0"
  resolved "https://registry.yarnpkg.com/object-assign/-/object-assign-4.1.0.tgz#7a3b3d0e98063d43f4c03f2e8ae6cd51a86883a0"
  integrity sha1-ejs9DpgGPUP0wD8uiubNUahog6A=

object-component@0.0.3:
  version "0.0.3"
  resolved "https://registry.yarnpkg.com/object-component/-/object-component-0.0.3.tgz#f0c69aa50efc95b866c186f400a33769cb2f1291"
  integrity sha1-8MaapQ78lbhmwYb0AKM3acsvEpE=

once@^1.4.0:
  version "1.4.0"
  resolved "https://registry.yarnpkg.com/once/-/once-1.4.0.tgz#583b1aa775961d4b113ac17d9c50baef9dd76bd1"
  integrity sha1-WDsap3WWHUsROsF9nFC6753Xa9E=
  dependencies:
    wrappy "1"

options@>=0.0.5:
  version "0.0.6"
  resolved "https://registry.yarnpkg.com/options/-/options-0.0.6.tgz#ec22d312806bb53e731773e7cdaefcf1c643128f"
  integrity sha1-7CLTEoBrtT5zF3Pnza788cZDEo8=

parsejson@0.0.3:
  version "0.0.3"
  resolved "https://registry.yarnpkg.com/parsejson/-/parsejson-0.0.3.tgz#ab7e3759f209ece99437973f7d0f1f64ae0e64ab"
  integrity sha1-q343WfIJ7OmUN5c/fQ8fZK4OZKs=
  dependencies:
    better-assert "~1.0.0"

parseqs@0.0.5:
  version "0.0.5"
  resolved "https://registry.yarnpkg.com/parseqs/-/parseqs-0.0.5.tgz#d5208a3738e46766e291ba2ea173684921a8b89d"
  integrity sha1-1SCKNzjkZ2bikbouoXNoSSGouJ0=
  dependencies:
    better-assert "~1.0.0"

parseuri@0.0.5:
  version "0.0.5"
  resolved "https://registry.yarnpkg.com/parseuri/-/parseuri-0.0.5.tgz#80204a50d4dbb779bfdc6ebe2778d90e4bce320a"
  integrity sha1-gCBKUNTbt3m/3G6+J3jZDkvOMgo=
  dependencies:
    better-assert "~1.0.0"

pkginfo@0.2.x:
  version "0.2.3"
  resolved "https://registry.yarnpkg.com/pkginfo/-/pkginfo-0.2.3.tgz#7239c42a5ef6c30b8f328439d9b9ff71042490f8"
  integrity sha1-cjnEKl72wwuPMoQ52bn/cQQkkPg=

pomelo-admin@1.0.1:
  version "1.0.1"
  resolved "https://registry.yarnpkg.com/pomelo-admin/-/pomelo-admin-1.0.1.tgz#90b736f98e618ab02f43f8df1fc7d65363029992"
  integrity sha512-sYPX8mj3aYcQwgxnseyInewNET1dqr2e9qHA7kEZ2wzsADDLvZsD8IbqJbggi74s6G/cD61zR14qepHVjPzHOg==
  dependencies:
    mqtt-connection "3.2.0"
    pomelo-monitor "0.3.7"
    pomelo-scheduler "0.3.8"

pomelo-loader@0.0.6:
  version "0.0.6"
  resolved "https://registry.yarnpkg.com/pomelo-loader/-/pomelo-loader-0.0.6.tgz#28c4fe17fdfada286b9d467d173c8980eb98f438"
  integrity sha1-KMT+F/362ihrnUZ9FzyJgOuY9Dg=

pomelo-logger@0.1.7, pomelo-logger@^0.1.6:
  version "0.1.7"
  resolved "https://registry.yarnpkg.com/pomelo-logger/-/pomelo-logger-0.1.7.tgz#b2486f9959434a636e4f385b02241e8f7c191265"
  integrity sha1-skhvmVlDSmNuTzhbAiQej3wZEmU=
  dependencies:
    log4js "0.6.21"

pomelo-monitor@0.3.7:
  version "0.3.7"
  resolved "https://registry.yarnpkg.com/pomelo-monitor/-/pomelo-monitor-0.3.7.tgz#0c011e73e9f8163fb8b590fe89dc577869a589eb"
  integrity sha1-DAEec+n4Fj+4tZD+idxXeGmlies=

pomelo-protobuf@0.4.0:
  version "0.4.0"
  resolved "https://registry.yarnpkg.com/pomelo-protobuf/-/pomelo-protobuf-0.4.0.tgz#e45e9a0a446eb18667e0c6e13eeb53d47addbda8"
  integrity sha1-5F6aCkRusYZn4MbhPutT1Hrdvag=

pomelo-protocol@0.1.6:
  version "0.1.6"
  resolved "https://registry.yarnpkg.com/pomelo-protocol/-/pomelo-protocol-0.1.6.tgz#d3e0cb539259635c28753877852a0d37db9d313b"
  integrity sha1-0+DLU5JZY1wodTh3hSoNN9udMTs=

pomelo-rpc@1.0.7:
  version "1.0.7"
  resolved "https://registry.yarnpkg.com/pomelo-rpc/-/pomelo-rpc-1.0.7.tgz#2fdce4464377049a0af4d1ca8db77fbb55b2f9cf"
  integrity sha1-L9zkRkN3BJoK9NHKjbd/u1Wy+c8=
  dependencies:
    async "^1.3.0"
    bearcat-buffer "0.1.x"
    crc "0.2.0"
    mqtt-connection "3.0.0"
    node-uuid "1.4.0"
    pomelo-loader "0.0.6"
    pomelo-logger "0.1.7"
    stream-pkg "0.0.5"

pomelo-scheduler@0.3.8:
  version "0.3.8"
  resolved "https://registry.yarnpkg.com/pomelo-scheduler/-/pomelo-scheduler-0.3.8.tgz#64ac9c897ae445ab1f77d2d31dc5422d8daaab6d"
  integrity sha1-ZKyciXrkRasfd9LTHcVCLY2qq20=
  dependencies:
    log4js ">=0.4.1"

pomelo-scheduler@0.3.9:
  version "0.3.9"
  resolved "https://registry.yarnpkg.com/pomelo-scheduler/-/pomelo-scheduler-0.3.9.tgz#61c543539525c5c0d1b9c6f2d84960069d6139e8"
  integrity sha1-YcVDU5UlxcDRucby2ElgBp1hOeg=
  dependencies:
    log4js "0.6.7"

pomelo@~2.2.5:
  version "2.2.7"
  resolved "https://registry.yarnpkg.com/pomelo/-/pomelo-2.2.7.tgz#9b2704d43f76fc50f4f32127dd5d9dcd3e98b7d2"
  integrity sha512-QT9qTrBJN8pUjIXojOdqM7pg0ZaxqjasLLMH4Yct3YDmyWwgmq61zq1fJgXDqHNI+B5rvF1x733DLh+P45Nk7Q==
  dependencies:
    async "0.2.5"
    cliff "0.1.8"
    commander "2.0.0"
    crc "0.2.0"
    mkdirp "0.3.3"
    mqtt "0.3.9"
    node-bignumber "1.2.1"
    pomelo-admin "1.0.1"
    pomelo-loader "0.0.6"
    pomelo-logger "0.1.7"
    pomelo-protobuf "0.4.0"
    pomelo-protocol "0.1.6"
    pomelo-rpc "1.0.7"
    pomelo-scheduler "0.3.9"
    seq-queue "0.0.5"
    socket.io "1.7.2"
    ws "1.1.1"

process-nextick-args@^2.0.0, process-nextick-args@~2.0.0:
  version "2.0.1"
  resolved "https://registry.yarnpkg.com/process-nextick-args/-/process-nextick-args-2.0.1.tgz#7820d9b16120cc55ca9ae7792680ae7dba6d7fe2"
  integrity sha512-3ouUOpQhtgrbOa17J7+uxOTpITYWaGP7/AhoR3+A+/1e9skrzelGi/dXzEYyvbxubEF6Wn2ypscTKiKJFFn1ag==

readable-stream@^2.0.0, readable-stream@^2.3.5, readable-stream@~2.3.6:
  version "2.3.7"
  resolved "https://registry.yarnpkg.com/readable-stream/-/readable-stream-2.3.7.tgz#1eca1cf711aef814c04f62252a36a62f6cb23b57"
  integrity sha512-Ebho8K4jIbHAxnuxi7o42OrZgF/ZTNcsZj6nRKyUmkhLFq8CHItp/fy6hQZuZmP/n3yZ9VBUbp4zz/mX8hmYPw==
  dependencies:
    core-util-is "~1.0.0"
    inherits "~2.0.3"
    isarray "~1.0.0"
    process-nextick-args "~2.0.0"
    safe-buffer "~5.1.1"
    string_decoder "~1.1.1"
    util-deprecate "~1.0.1"

readable-stream@~1.0.2:
  version "1.0.34"
  resolved "https://registry.yarnpkg.com/readable-stream/-/readable-stream-1.0.34.tgz#125820e34bc842d2f2aaafafe4c2916ee32c157c"
  integrity sha1-Elgg40vIQtLyqq+v5MKRbuMsFXw=
  dependencies:
    core-util-is "~1.0.0"
    inherits "~2.0.1"
    isarray "0.0.1"
    string_decoder "~0.10.x"

redis@^0.12.1:
  version "0.12.1"
  resolved "https://registry.yarnpkg.com/redis/-/redis-0.12.1.tgz#64df76ad0fc8acebaebd2a0645e8a48fac49185e"
  integrity sha1-ZN92rQ/IrOuuvSoGReikj6xJGF4=

request@2.9.x:
  version "2.9.203"
  resolved "https://registry.yarnpkg.com/request/-/request-2.9.203.tgz#6c1711a5407fb94a114219563e44145bcbf4723a"
  integrity sha1-bBcRpUB/uUoRQhlWPkQUW8v0cjo=

rfdc@^1.3.0:
  version "1.3.0"
  resolved "https://registry.yarnpkg.com/rfdc/-/rfdc-1.3.0.tgz#d0b7c441ab2720d05dc4cf26e01c89631d9da08b"
  integrity sha512-V2hovdzFbOi77/WajaSMXk2OLm+xNIeQdMMuB7icj7bk6zi2F8GGAxigcnDFpJHbNyNcgyJDiP+8nOrY5cZGrA==

safe-buffer@^5.1.0, safe-buffer@^5.1.1:
  version "5.2.1"
  resolved "https://registry.yarnpkg.com/safe-buffer/-/safe-buffer-5.2.1.tgz#1eaf9fa9bdb1fdd4ec75f58f9cdb4e6b7827eec6"
  integrity sha512-rp3So07KcdmmKbGvgaNxQSJr7bGVSVk5S9Eq1F+ppbRo70+YeaDxkw5Dd8NPN+GD6bjnYm2VuPuCXmpuYvmCXQ==

safe-buffer@~5.1.0, safe-buffer@~5.1.1:
  version "5.1.2"
  resolved "https://registry.yarnpkg.com/safe-buffer/-/safe-buffer-5.1.2.tgz#991ec69d296e0313747d59bdfd2b745c35f8828d"
  integrity sha512-Gd2UZBJDkXlY7GbJxfsE8/nvKkUEU1G38c1siN6QP6a9PT9MmHB8GnpscSmMJSoF8LOIrt8ud/wPtojys4G6+g==

semver@~1.1.4:
  version "1.1.4"
  resolved "https://registry.yarnpkg.com/semver/-/semver-1.1.4.tgz#2e5a4e72bab03472cc97f72753b4508912ef5540"
  integrity sha1-LlpOcrqwNHLMl/cnU7RQiRLvVUA=

seq-queue@0.0.5:
  version "0.0.5"
  resolved "https://registry.yarnpkg.com/seq-queue/-/seq-queue-0.0.5.tgz#d56812e1c017a6e4e7c3e3a37a1da6d78dd3c93e"
  integrity sha1-1WgS4cAXpuTnw+Ojeh2m143TyT4=

socket.io-adapter@0.5.0:
  version "0.5.0"
  resolved "https://registry.yarnpkg.com/socket.io-adapter/-/socket.io-adapter-0.5.0.tgz#cb6d4bb8bec81e1078b99677f9ced0046066bb8b"
  integrity sha1-y21LuL7IHhB4uZZ3+c7QBGBmu4s=
  dependencies:
    debug "2.3.3"
    socket.io-parser "2.3.1"

socket.io-client@1.7.2:
  version "1.7.2"
  resolved "https://registry.yarnpkg.com/socket.io-client/-/socket.io-client-1.7.2.tgz#39fdb0c3dd450e321b7e40cfd83612ec533dd644"
  integrity sha1-Of2ww91FDjIbfkDP2DYS7FM91kQ=
  dependencies:
    backo2 "1.0.2"
    component-bind "1.0.0"
    component-emitter "1.2.1"
    debug "2.3.3"
    engine.io-client "1.8.2"
    has-binary "0.1.7"
    indexof "0.0.1"
    object-component "0.0.3"
    parseuri "0.0.5"
    socket.io-parser "2.3.1"
    to-array "0.1.4"

socket.io-parser@2.3.1:
  version "2.3.1"
  resolved "https://registry.yarnpkg.com/socket.io-parser/-/socket.io-parser-2.3.1.tgz#dd532025103ce429697326befd64005fcfe5b4a0"
  integrity sha1-3VMgJRA85Clpcya+/WQAX8/ltKA=
  dependencies:
    component-emitter "1.1.2"
    debug "2.2.0"
    isarray "0.0.1"
    json3 "3.3.2"

socket.io@1.7.2:
  version "1.7.2"
  resolved "https://registry.yarnpkg.com/socket.io/-/socket.io-1.7.2.tgz#83bbbdf2e79263b378900da403e7843e05dc3b71"
  integrity sha1-g7u98ueSY7N4kA2kA+eEPgXcO3E=
  dependencies:
    debug "2.3.3"
    engine.io "1.8.2"
    has-binary "0.1.7"
    object-assign "4.1.0"
    socket.io-adapter "0.5.0"
    socket.io-client "1.7.2"
    socket.io-parser "2.3.1"

stack-trace@0.0.x:
  version "0.0.10"
  resolved "https://registry.yarnpkg.com/stack-trace/-/stack-trace-0.0.10.tgz#547c70b347e8d32b4e108ea1a2a159e5fdde19c0"
  integrity sha1-VHxws0fo0ytOEI6hoqFZ5f3eGcA=

stream-pkg@0.0.5:
  version "0.0.5"
  resolved "https://registry.yarnpkg.com/stream-pkg/-/stream-pkg-0.0.5.tgz#931fd332e2e8991f0604429434160bd6a482f365"
  integrity sha1-kx/TMuLomR8GBEKUNBYL1qSC82U=

stream-shift@^1.0.0:
  version "1.0.1"
  resolved "https://registry.yarnpkg.com/stream-shift/-/stream-shift-1.0.1.tgz#d7088281559ab2778424279b0877da3c392d5a3d"
  integrity sha512-AiisoFqQ0vbGcZgQPY1cdP2I76glaVA/RauYR4G4thNFgkTqr90yXTo4LYX60Jl+sIlPNHHdGSwo01AvbKUSVQ==

streamroller@^3.0.6:
  version "3.0.6"
  resolved "https://registry.yarnpkg.com/streamroller/-/streamroller-3.0.6.tgz#52823415800ded79a49aa3f7712f50a422b97493"
  integrity sha512-Qz32plKq/MZywYyhEatxyYc8vs994Gz0Hu2MSYXXLD233UyPeIeRBZARIIGwFer4Mdb8r3Y2UqKkgyDghM6QCg==
  dependencies:
    date-format "^4.0.6"
    debug "^4.3.4"
    fs-extra "^10.0.1"

string_decoder@~0.10.x:
  version "0.10.31"
  resolved "https://registry.yarnpkg.com/string_decoder/-/string_decoder-0.10.31.tgz#62e203bc41766c6c28c9fc84301dab1c5310fa94"
  integrity sha1-YuIDvEF2bGwoyfyEMB2rHFMQ+pQ=

string_decoder@~1.1.1:
  version "1.1.1"
  resolved "https://registry.yarnpkg.com/string_decoder/-/string_decoder-1.1.1.tgz#9cf1611ba62685d7030ae9e4ba34149c3af03fc8"
  integrity sha512-n/ShnvDi6FHbbVfviro+WojiFzv+s8MPMHBczVePfUpDJLwoLT0ht1l4YwBCbi8pJAveEEdnkHyPyTP/mzRfwg==
  dependencies:
    safe-buffer "~5.1.0"

through2@^2.0.1:
  version "2.0.5"
  resolved "https://registry.yarnpkg.com/through2/-/through2-2.0.5.tgz#01c1e39eb31d07cb7d03a96a70823260b23132cd"
  integrity sha512-/mrRod8xqpA+IHSLyGCQ2s8SPHiCDEeQJSep1jqLYeEUClOFG2Qsh+4FU6G9VeqpZnGW/Su8LQGc4YKni5rYSQ==
  dependencies:
    readable-stream "~2.3.6"
    xtend "~4.0.1"

to-array@0.1.4:
  version "0.1.4"
  resolved "https://registry.yarnpkg.com/to-array/-/to-array-0.1.4.tgz#17e6c11f73dd4f3d74cda7a4ff3238e9ad9bf890"
  integrity sha1-F+bBH3PdTz10zaek/zI46a2b+JA=

to-utf8@0.0.1:
  version "0.0.1"
  resolved "https://registry.yarnpkg.com/to-utf8/-/to-utf8-0.0.1.tgz#d17aea72ff2fba39b9e43601be7b3ff72e089852"
  integrity sha1-0Xrqcv8vujm55DYBvns/9y4ImFI=

ultron@1.0.x:
  version "1.0.2"
  resolved "https://registry.yarnpkg.com/ultron/-/ultron-1.0.2.tgz#ace116ab557cd197386a4e88f4685378c8b2e4fa"
  integrity sha1-rOEWq1V80Zc4ak6I9GhTeMiy5Po=

universalify@^2.0.0:
  version "2.0.0"
  resolved "https://registry.yarnpkg.com/universalify/-/universalify-2.0.0.tgz#75a4984efedc4b08975c5aeb73f530d02df25717"
  integrity sha512-hAZsKq7Yy11Zu1DE0OzWjw7nnLZmJZYTDZZyEFHZdUhV8FkH5MCfoU1XMaxXovpyW5nq5scPqq0ZDP9Zyl04oQ==

util-deprecate@~1.0.1:
  version "1.0.2"
  resolved "https://registry.yarnpkg.com/util-deprecate/-/util-deprecate-1.0.2.tgz#450d4dc9fa70de732762fbd2d4a28981419a0ccf"
  integrity sha1-RQ1Nyfpw3nMnYvvS1KKJgUGaDM8=

winston@0.6.x:
  version "0.6.2"
  resolved "https://registry.yarnpkg.com/winston/-/winston-0.6.2.tgz#4144fe2586cdc19a612bf8c035590132c9064bd2"
  integrity sha1-QUT+JYbNwZphK/jANVkBMskGS9I=
  dependencies:
    async "0.1.x"
    colors "0.x.x"
    cycle "1.0.x"
    eyes "0.1.x"
    pkginfo "0.2.x"
    request "2.9.x"
    stack-trace "0.0.x"

wrappy@1:
  version "1.0.2"
  resolved "https://registry.yarnpkg.com/wrappy/-/wrappy-1.0.2.tgz#b5243d8f3ec1aa35f1364605bc0d1036e30ab69f"
  integrity sha1-tSQ9jz7BqjXxNkYFvA0QNuMKtp8=

ws@1.1.1:
  version "1.1.1"
  resolved "https://registry.yarnpkg.com/ws/-/ws-1.1.1.tgz#082ddb6c641e85d4bb451f03d52f06eabdb1f018"
  integrity sha1-CC3bbGQehdS7RR8D1S8G6r2x8Bg=
  dependencies:
    options ">=0.0.5"
    ultron "1.0.x"

wtf-8@1.0.0:
  version "1.0.0"
  resolved "https://registry.yarnpkg.com/wtf-8/-/wtf-8-1.0.0.tgz#392d8ba2d0f1c34d1ee2d630f15d0efb68e1048a"
  integrity sha1-OS2LotDxw00e4tYw8V0O+2jhBIo=

xmlhttprequest-ssl@1.5.3:
  version "1.5.3"
  resolved "https://registry.yarnpkg.com/xmlhttprequest-ssl/-/xmlhttprequest-ssl-1.5.3.tgz#185a888c04eca46c3e4070d99f7b49de3528992d"
  integrity sha1-GFqIjATspGw+QHDZn3tJ3jUomS0=

xtend@~4.0.1:
  version "4.0.2"
  resolved "https://registry.yarnpkg.com/xtend/-/xtend-4.0.2.tgz#bb72779f5fa465186b1f438f674fa347fdb5db54"
  integrity sha512-LKYU1iAXJXUgAXn9URjiu+MWhyUXHsvfp7mcuYm9dSUKK0/CjtrUwFAxD82/mCWbtLsGjFIad0wIsod4zrTAEQ==

yeast@0.1.2:
  version "0.1.2"
  resolved "https://registry.yarnpkg.com/yeast/-/yeast-0.1.2.tgz#008e06d8094320c372dbc2f8ed76a0ca6c8ac419"
  integrity sha1-AI4G2AlDIMNy28L47XagymyKxBk=
